// !$*UTF8*$!
{
	archiveVersion = 1;
	classes = {
	};
	objectVersion = 77;
	objects = {

/* Begin PBXContainerItemProxy section */
		D420A65D2F7F4EA300A004A0 /* PBXContainerItemProxy */ = {
			isa = PBXContainerItemProxy;
			containerPortal = D420A63E2F7F4EA100A004A0 /* Project object */;
			proxyType = 1;
			remoteGlobalIDString = D420A6452F7F4EA100A004A0;
			remoteInfo = RBCImprovement;
		};
		D420A6672F7F4EA300A004A0 /* PBXContainerItemProxy */ = {
			isa = PBXContainerItemProxy;
			containerPortal = D420A63E2F7F4EA100A004A0 /* Project object */;
			proxyType = 1;
			remoteGlobalIDString = D420A6452F7F4EA100A004A0;
			remoteInfo = RBCImprovement;
		};
/* End PBXContainerItemProxy section */

/* Begin PBXFileReference section */
		D420A6462F7F4EA100A004A0 /* RBCImprovement.app */ = {isa = PBXFileReference; explicitFileType = wrapper.application; includeInIndex = 0; path = RBCImprovement.app; sourceTree = BUILT_PRODUCTS_DIR; };
		D420A65C2F7F4EA300A004A0 /* RBCImprovementTests.xctest */ = {isa = PBXFileReference; explicitFileType = wrapper.cfbundle; includeInIndex = 0; path = RBCImprovementTests.xctest; sourceTree = BUILT_PRODUCTS_DIR; };
		D420A6662F7F4EA300A004A0 /* RBCImprovementUITests.xctest */ = {isa = PBXFileReference; explicitFileType = wrapper.cfbundle; includeInIndex = 0; path = RBCImprovementUITests.xctest; sourceTree = BUILT_PRODUCTS_DIR; };
/* End PBXFileReference section */

/* Begin PBXFileSystemSynchronizedBuildFileExceptionSet section */
		D420A66E2F7F4EA300A004A0 /* Exceptions for "RBCImprovement" folder in "RBCImprovement" target */ = {
			isa = PBXFileSystemSynchronizedBuildFileExceptionSet;
			membershipExceptions = (
				Info.plist,
			);
			target = D420A6452F7F4EA100A004A0 /* RBCImprovement */;
		};
/* End PBXFileSystemSynchronizedBuildFileExceptionSet section */

/* Begin PBXFileSystemSynchronizedRootGroup section */
		D420A6482F7F4EA100A004A0 /* RBCImprovement */ = {
			isa = PBXFileSystemSynchronizedRootGroup;
			exceptions = (
				D420A66E2F7F4EA300A004A0 /* Exceptions for "RBCImprovement" folder in "RBCImprovement" target */,
			);
			path = RBCImprovement;
			sourceTree = "<group>";
		};
		D420A65F2F7F4EA300A004A0 /* RBCImprovementTests */ = {
			isa = PBXFileSystemSynchronizedRootGroup;
			path = RBCImprovementTests;
			sourceTree = "<group>";
		};
		D420A6692F7F4EA300A004A0 /* RBCImprovementUITests */ = {
			isa = PBXFileSystemSynchronizedRootGroup;
			path = RBCImprovementUITests;
			sourceTree = "<group>";
		};
/* End PBXFileSystemSynchronizedRootGroup section */

/* Begin PBXFrameworksBuildPhase section */
		D420A6432F7F4EA100A004A0 /* Frameworks */ = {
			isa = PBXFrameworksBuildPhase;
			buildActionMask = 2147483647;
			files = (
			);
			runOnlyForDeploymentPostprocessing = 0;
		};
		D420A6592F7F4EA300A004A0 /* Frameworks */ = {
			isa = PBXFrameworksBuildPhase;
			buildActionMask = 2147483647;
			files = (
			);
			runOnlyForDeploymentPostprocessing = 0;
		};
		D420A6632F7F4EA300A004A0 /* Frameworks */ = {
			isa = PBXFrameworksBuildPhase;
			buildActionMask = 2147483647;
			files = (
			);
			runOnlyForDeploymentPostprocessing = 0;
		};
/* End PBXFrameworksBuildPhase section */

/* Begin PBXGroup section */
		D420A63D2F7F4EA100A004A0 = {
			isa = PBXGroup;
			children = (
				D420A6482F7F4EA100A004A0 /* RBCImprovement */,
				D420A65F2F7F4EA300A004A0 /* RBCImprovementTests */,
				D420A6692F7F4EA300A004A0 /* RBCImprovementUITests */,
				D420A6472F7F4EA100A004A0 /* Products */,
			);
			sourceTree = "<group>";
		};
		D420A6472F7F4EA100A004A0 /* Products */ = {
			isa = PBXGroup;
			children = (
				D420A6462F7F4EA100A004A0 /* RBCImprovement.app */,
				D420A65C2F7F4EA300A004A0 /* RBCImprovementTests.xctest */,
				D420A6662F7F4EA300A004A0 /* RBCImprovementUITests.xctest */,
			);
			name = Products;
			sourceTree = "<group>";
		};
/* End PBXGroup section */

/* Begin PBXNativeTarget section */
		D420A6452F7F4EA100A004A0 /* RBCImprovement */ = {
			isa = PBXNativeTarget;
			buildConfigurationList = D420A66F2F7F4EA300A004A0 /* Build configuration list for PBXNativeTarget "RBCImprovement" */;
			buildPhases = (
				D420A6422F7F4EA100A004A0 /* Sources */,
				D420A6432F7F4EA100A004A0 /* Frameworks */,
				D420A6442F7F4EA100A004A0 /* Resources */,
			);
			buildRules = (
			);
			dependencies = (
			);
			fileSystemSynchronizedGroups = (
				D420A6482F7F4EA100A004A0 /* RBCImprovement */,
			);
			name = RBCImprovement;
			packageProductDependencies = (
			);
			productName = RBCImprovement;
			productReference = D420A6462F7F4EA100A004A0 /* RBCImprovement.app */;
			productType = "com.apple.product-type.application";
		};
		D420A65B2F7F4EA300A004A0 /* RBCImprovementTests */ = {
			isa = PBXNativeTarget;
			buildConfigurationList = D420A6742F7F4EA300A004A0 /* Build configuration list for PBXNativeTarget "RBCImprovementTests" */;
			buildPhases = (
				D420A6582F7F4EA300A004A0 /* Sources */,
				D420A6592F7F4EA300A004A0 /* Frameworks */,
				D420A65A2F7F4EA300A004A0 /* Resources */,
			);
			buildRules = (
			);
			dependencies = (
				D420A65E2F7F4EA300A004A0 /* PBXTargetDependency */,
			);
			fileSystemSynchronizedGroups = (
				D420A65F2F7F4EA300A004A0 /* RBCImprovementTests */,
			);
			name = RBCImprovementTests;
			packageProductDependencies = (
			);
			productName = RBCImprovementTests;
			productReference = D420A65C2F7F4EA300A004A0 /* RBCImprovementTests.xctest */;
			productType = "com.apple.product-type.bundle.unit-test";
		};
		D420A6652F7F4EA300A004A0 /* RBCImprovementUITests */ = {
			isa = PBXNativeTarget;
			buildConfigurationList = D420A6772F7F4EA300A004A0 /* Build configuration list for PBXNativeTarget "RBCImprovementUITests" */;
			buildPhases = (
				D420A6622F7F4EA300A004A0 /* Sources */,
				D420A6632F7F4EA300A004A0 /* Frameworks */,
				D420A6642F7F4EA300A004A0 /* Resources */,
			);
			buildRules = (
			);
			dependencies = (
				D420A6682F7F4EA300A004A0 /* PBXTargetDependency */,
			);
			fileSystemSynchronizedGroups = (
				D420A6692F7F4EA300A004A0 /* RBCImprovementUITests */,
			);
			name = RBCImprovementUITests;
			packageProductDependencies = (
			);
			productName = RBCImprovementUITests;
			productReference = D420A6662F7F4EA300A004A0 /* RBCImprovementUITests.xctest */;
			productType = "com.apple.product-type.bundle.ui-testing";
		};
/* End PBXNativeTarget section */

/* Begin PBXProject section */
		D420A63E2F7F4EA100A004A0 /* Project object */ = {
			isa = PBXProject;
			attributes = {
				BuildIndependentTargetsInParallel = 1;
				LastSwiftUpdateCheck = 1640;
				LastUpgradeCheck = 1640;
				TargetAttributes = {
					D420A6452F7F4EA100A004A0 = {
						CreatedOnToolsVersion = 16.4;
					};
					D420A65B2F7F4EA300A004A0 = {
						CreatedOnToolsVersion = 16.4;
						TestTargetID = D420A6452F7F4EA100A004A0;
					};
					D420A6652F7F4EA300A004A0 = {
						CreatedOnToolsVersion = 16.4;
						TestTargetID = D420A6452F7F4EA100A004A0;
					};
				};
			};
			buildConfigurationList = D420A6412F7F4EA100A004A0 /* Build configuration list for PBXProject "RBCImprovement" */;
			developmentRegion = en;
			hasScannedForEncodings = 0;
			knownRegions = (
				en,
				Base,
			);
			mainGroup = D420A63D2F7F4EA100A004A0;
			minimizedProjectReferenceProxies = 1;
			preferredProjectObjectVersion = 77;
			productRefGroup = D420A6472F7F4EA100A004A0 /* Products */;
			projectDirPath = "";
			projectRoot = "";
			targets = (
				D420A6452F7F4EA100A004A0 /* RBCImprovement */,
				D420A65B2F7F4EA300A004A0 /* RBCImprovementTests */,
				D420A6652F7F4EA300A004A0 /* RBCImprovementUITests */,
			);
		};
/* End PBXProject section */

/* Begin PBXResourcesBuildPhase section */
		D420A6442F7F4EA100A004A0 /* Resources */ = {
			isa = PBXResourcesBuildPhase;
			buildActionMask = 2147483647;
			files = (
			);
			runOnlyForDeploymentPostprocessing = 0;
		};
		D420A65A2F7F4EA300A004A0 /* Resources */ = {
			isa = PBXResourcesBuildPhase;
			buildActionMask = 2147483647;
			files = (
			);
			runOnlyForDeploymentPostprocessing = 0;
		};
		D420A6642F7F4EA300A004A0 /* Resources */ = {
			isa = PBXResourcesBuildPhase;
			buildActionMask = 2147483647;
			files = (
			);
			runOnlyForDeploymentPostprocessing = 0;
		};
/* End PBXResourcesBuildPhase section */

/* Begin PBXSourcesBuildPhase section */
		D420A6422F7F4EA100A004A0 /* Sources */ = {
			isa = PBXSourcesBuildPhase;
			buildActionMask = 2147483647;
			files = (
			);
			runOnlyForDeploymentPostprocessing = 0;
		};
		D420A6582F7F4EA300A004A0 /* Sources */ = {
			isa = PBXSourcesBuildPhase;
			buildActionMask = 2147483647;
			files = (
			);
			runOnlyForDeploymentPostprocessing = 0;
		};
		D420A6622F7F4EA300A004A0 /* Sources */ = {
			isa = PBXSourcesBuildPhase;
			buildActionMask = 2147483647;
			files = (
			);
			runOnlyForDeploymentPostprocessing = 0;
		};
/* End PBXSourcesBuildPhase section */

/* Begin PBXTargetDependency section */
		D420A65E2F7F4EA300A004A0 /* PBXTargetDependency */ = {
			isa = PBXTargetDependency;
			target = D420A6452F7F4EA100A004A0 /* RBCImprovement */;
			targetProxy = D420A65D2F7F4EA300A004A0 /* PBXContainerItemProxy */;
		};
		D420A6682F7F4EA300A004A0 /* PBXTargetDependency */ = {
			isa = PBXTargetDependency;
			target = D420A6452F7F4EA100A004A0 /* RBCImprovement */;
			targetProxy = D420A6672F7F4EA300A004A0 /* PBXContainerItemProxy */;
		};
/* End PBXTargetDependency section */

/* Begin XCBuildConfiguration section */
		D420A6702F7F4EA300A004A0 /* Debug */ = {
			isa = XCBuildConfiguration;
			buildSettings = {
				ASSETCATALOG_COMPILER_APPICON_NAME = AppIcon;
				ASSETCATALOG_COMPILER_GLOBAL_ACCENT_COLOR_NAME = AccentColor;
				CODE_SIGN_STYLE = Automatic;
				CURRENT_PROJECT_VERSION = 1;
				GENERATE_INFOPLIST_FILE = YES;
				INFOPLIST_FILE = RBCImprovement/Info.plist;
				INFOPLIST_KEY_UIApplicationSupportsIndirectInputEvents = YES;
				INFOPLIST_KEY_UILaunchStoryboardName = LaunchScreen;
				INFOPLIST_KEY_UIMainStoryboardFile = Main;
				INFOPLIST_KEY_UISupportedInterfaceOrientations_iPad = "UIInterfaceOrientationPortrait UIInterfaceOrientationPortraitUpsideDown UIInterfaceOrientationLandscapeLeft UIInterfaceOrientationLandscapeRight";
				INFOPLIST_KEY_UISupportedInterfaceOrientations_iPhone = "UIInterfaceOrientationPortrait UIInterfaceOrientationLandscapeLeft UIInterfaceOrientationLandscapeRight";
				LD_RUNPATH_SEARCH_PATHS = (
					"$(inherited)",
					"@executable_path/Frameworks",
				);
				MARKETING_VERSION = 1.0;
				PRODUCT_BUNDLE_IDENTIFIER = firstios.RBCImprovement;
				PRODUCT_NAME = "$(TARGET_NAME)";
				SWIFT_EMIT_LOC_STRINGS = YES;
				SWIFT_VERSION = 5.0;
				TARGETED_DEVICE_FAMILY = "1,2";
			};
			name = Debug;
		};
		D420A6712F7F4EA300A004A0 /* Release */ = {
			isa = XCBuildConfiguration;
			buildSettings = {
				ASSETCATALOG_COMPILER_APPICON_NAME = AppIcon;
				ASSETCATALOG_COMPILER_GLOBAL_ACCENT_COLOR_NAME = AccentColor;
				CODE_SIGN_STYLE = Automatic;
				CURRENT_PROJECT_VERSION = 1;
				GENERATE_INFOPLIST_FILE = YES;
				INFOPLIST_FILE = RBCImprovement/Info.plist;
				INFOPLIST_KEY_UIApplicationSupportsIndirectInputEvents = YES;
				INFOPLIST_KEY_UILaunchStoryboardName = LaunchScreen;
				INFOPLIST_KEY_UIMainStoryboardFile = Main;
				INFOPLIST_KEY_UISupportedInterfaceOrientations_iPad = "UIInterfaceOrientationPortrait UIInterfaceOrientationPortraitUpsideDown UIInterfaceOrientationLandscapeLeft UIInterfaceOrientationLandscapeRight";
				INFOPLIST_KEY_UISupportedInterfaceOrientations_iPhone = "UIInterfaceOrientationPortrait UIInterfaceOrientationLandscapeLeft UIInterfaceOrientationLandscapeRight";
				LD_RUNPATH_SEARCH_PATHS = (
					"$(inherited)",
					"@executable_path/Frameworks",
				);
				MARKETING_VERSION = 1.0;
				PRODUCT_BUNDLE_IDENTIFIER = firstios.RBCImprovement;
				PRODUCT_NAME = "$(TARGET_NAME)";
				SWIFT_EMIT_LOC_STRINGS = YES;
				SWIFT_VERSION = 5.0;
				TARGETED_DEVICE_FAMILY = "1,2";
			};
			name = Release;
		};
		D420A6722F7F4EA300A004A0 /* Debug */ = {
			isa = XCBuildConfiguration;
			buildSettings = {
				ALWAYS_SEARCH_USER_PATHS = NO;
				ASSETCATALOG_COMPILER_GENERATE_SWIFT_ASSET_SYMBOL_EXTENSIONS = YES;
				CLANG_ANALYZER_NONNULL = YES;
				CLANG_ANALYZER_NUMBER_OBJECT_CONVERSION = YES_AGGRESSIVE;
				CLANG_CXX_LANGUAGE_STANDARD = "gnu++20";
				CLANG_ENABLE_MODULES = YES;
				CLANG_ENABLE_OBJC_ARC = YES;
				CLANG_ENABLE_OBJC_WEAK = YES;
				CLANG_WARN_BLOCK_CAPTURE_AUTORELEASING = YES;
				CLANG_WARN_BOOL_CONVERSION = YES;
				CLANG_WARN_COMMA = YES;
				CLANG_WARN_CONSTANT_CONVERSION = YES;
				CLANG_WARN_DEPRECATED_OBJC_IMPLEMENTATIONS = YES;
				CLANG_WARN_DIRECT_OBJC_ISA_USAGE = YES_ERROR;
				CLANG_WARN_DOCUMENTATION_COMMENTS = YES;
				CLANG_WARN_EMPTY_BODY = YES;
				CLANG_WARN_ENUM_CONVERSION = YES;
				CLANG_WARN_INFINITE_RECURSION = YES;
				CLANG_WARN_INT_CONVERSION = YES;
				CLANG_WARN_NON_LITERAL_NULL_CONVERSION = YES;
				CLANG_WARN_OBJC_IMPLICIT_RETAIN_SELF = YES;
				CLANG_WARN_OBJC_LITERAL_CONVERSION = YES;
				CLANG_WARN_OBJC_ROOT_CLASS = YES_ERROR;
				CLANG_WARN_QUOTED_INCLUDE_IN_FRAMEWORK_HEADER = YES;
				CLANG_WARN_RANGE_LOOP_ANALYSIS = YES;
				CLANG_WARN_STRICT_PROTOTYPES = YES;
				CLANG_WARN_SUSPICIOUS_MOVE = YES;
				CLANG_WARN_UNGUARDED_AVAILABILITY = YES_AGGRESSIVE;
				CLANG_WARN_UNREACHABLE_CODE = YES;
				CLANG_WARN__DUPLICATE_METHOD_MATCH = YES;
				COPY_PHASE_STRIP = NO;
				DEBUG_INFORMATION_FORMAT = dwarf;
				ENABLE_STRICT_OBJC_MSGSEND = YES;
				ENABLE_TESTABILITY = YES;
				ENABLE_USER_SCRIPT_SANDBOXING = YES;
				GCC_C_LANGUAGE_STANDARD = gnu17;
				GCC_DYNAMIC_NO_PIC = NO;
				GCC_NO_COMMON_BLOCKS = YES;
				GCC_OPTIMIZATION_LEVEL = 0;
				GCC_PREPROCESSOR_DEFINITIONS = (
					"DEBUG=1",
					"$(inherited)",
				);
				GCC_WARN_64_TO_32_BIT_CONVERSION = YES;
				GCC_WARN_ABOUT_RETURN_TYPE = YES_ERROR;
				GCC_WARN_UNDECLARED_SELECTOR = YES;
				GCC_WARN_UNINITIALIZED_AUTOS = YES_AGGRESSIVE;
				GCC_WARN_UNUSED_FUNCTION = YES;
				GCC_WARN_UNUSED_VARIABLE = YES;
				IPHONEOS_DEPLOYMENT_TARGET = 18.5;
				LOCALIZATION_PREFERS_STRING_CATALOGS = YES;
				MTL_ENABLE_DEBUG_INFO = INCLUDE_SOURCE;
				MTL_FAST_MATH = YES;
				ONLY_ACTIVE_ARCH = YES;
				SDKROOT = iphoneos;
				SWIFT_ACTIVE_COMPILATION_CONDITIONS = "DEBUG $(inherited)";
				SWIFT_OPTIMIZATION_LEVEL = "-Onone";
			};
			name = Debug;
		};
		D420A6732F7F4EA300A004A0 /* Release */ = {
			isa = XCBuildConfiguration;
			buildSettings = {
				ALWAYS_SEARCH_USER_PATHS = NO;
				ASSETCATALOG_COMPILER_GENERATE_SWIFT_ASSET_SYMBOL_EXTENSIONS = YES;
				CLANG_ANALYZER_NONNULL = YES;
				CLANG_ANALYZER_NUMBER_OBJECT_CONVERSION = YES_AGGRESSIVE;
				CLANG_CXX_LANGUAGE_STANDARD = "gnu++20";
				CLANG_ENABLE_MODULES = YES;
				CLANG_ENABLE_OBJC_ARC = YES;
				CLANG_ENABLE_OBJC_WEAK = YES;
				CLANG_WARN_BLOCK_CAPTURE_AUTORELEASING = YES;
				CLANG_WARN_BOOL_CONVERSION = YES;
				CLANG_WARN_COMMA = YES;
				CLANG_WARN_CONSTANT_CONVERSION = YES;
				CLANG_WARN_DEPRECATED_OBJC_IMPLEMENTATIONS = YES;
				CLANG_WARN_DIRECT_OBJC_ISA_USAGE = YES_ERROR;
				CLANG_WARN_DOCUMENTATION_COMMENTS = YES;
				CLANG_WARN_EMPTY_BODY = YES;
				CLANG_WARN_ENUM_CONVERSION = YES;
				CLANG_WARN_INFINITE_RECURSION = YES;
				CLANG_WARN_INT_CONVERSION = YES;
				CLANG_WARN_NON_LITERAL_NULL_CONVERSION = YES;
				CLANG_WARN_OBJC_IMPLICIT_RETAIN_SELF = YES;
				CLANG_WARN_OBJC_LITERAL_CONVERSION = YES;
				CLANG_WARN_OBJC_ROOT_CLASS = YES_ERROR;
				CLANG_WARN_QUOTED_INCLUDE_IN_FRAMEWORK_HEADER = YES;
				CLANG_WARN_RANGE_LOOP_ANALYSIS = YES;
				CLANG_WARN_STRICT_PROTOTYPES = YES;
				CLANG_WARN_SUSPICIOUS_MOVE = YES;
				CLANG_WARN_UNGUARDED_AVAILABILITY = YES_AGGRESSIVE;
				CLANG_WARN_UNREACHABLE_CODE = YES;
				CLANG_WARN__DUPLICATE_METHOD_MATCH = YES;
				COPY_PHASE_STRIP = NO;
				DEBUG_INFORMATION_FORMAT = "dwarf-with-dsym";
				ENABLE_NS_ASSERTIONS = NO;
				ENABLE_STRICT_OBJC_MSGSEND = YES;
				ENABLE_USER_SCRIPT_SANDBOXING = YES;
				GCC_C_LANGUAGE_STANDARD = gnu17;
				GCC_NO_COMMON_BLOCKS = YES;
				GCC_WARN_64_TO_32_BIT_CONVERSION = YES;
				GCC_WARN_ABOUT_RETURN_TYPE = YES_ERROR;
				GCC_WARN_UNDECLARED_SELECTOR = YES;
				GCC_WARN_UNINITIALIZED_AUTOS = YES_AGGRESSIVE;
				GCC_WARN_UNUSED_FUNCTION = YES;
				GCC_WARN_UNUSED_VARIABLE = YES;
				IPHONEOS_DEPLOYMENT_TARGET = 18.5;
				LOCALIZATION_PREFERS_STRING_CATALOGS = YES;
				MTL_ENABLE_DEBUG_INFO = NO;
				MTL_FAST_MATH = YES;
				SDKROOT = iphoneos;
				SWIFT_COMPILATION_MODE = wholemodule;
				VALIDATE_PRODUCT = YES;
			};
			name = Release;
		};
		D420A6752F7F4EA300A004A0 /* Debug */ = {
			isa = XCBuildConfiguration;
			buildSettings = {
				BUNDLE_LOADER = "$(TEST_HOST)";
				CODE_SIGN_STYLE = Automatic;
				CURRENT_PROJECT_VERSION = 1;
				GENERATE_INFOPLIST_FILE = YES;
				IPHONEOS_DEPLOYMENT_TARGET = 18.5;
				MARKETING_VERSION = 1.0;
				PRODUCT_BUNDLE_IDENTIFIER = firstios.RBCImprovementTests;
				PRODUCT_NAME = "$(TARGET_NAME)";
				SWIFT_EMIT_LOC_STRINGS = NO;
				SWIFT_VERSION = 5.0;
				TARGETED_DEVICE_FAMILY = "1,2";
				TEST_HOST = "$(BUILT_PRODUCTS_DIR)/RBCImprovement.app/$(BUNDLE_EXECUTABLE_FOLDER_PATH)/RBCImprovement";
			};
			name = Debug;
		};
		D420A6762F7F4EA300A004A0 /* Release */ = {
			isa = XCBuildConfiguration;
			buildSettings = {
				BUNDLE_LOADER = "$(TEST_HOST)";
				CODE_SIGN_STYLE = Automatic;
				CURRENT_PROJECT_VERSION = 1;
				GENERATE_INFOPLIST_FILE = YES;
				IPHONEOS_DEPLOYMENT_TARGET = 18.5;
				MARKETING_VERSION = 1.0;
				PRODUCT_BUNDLE_IDENTIFIER = firstios.RBCImprovementTests;
				PRODUCT_NAME = "$(TARGET_NAME)";
				SWIFT_EMIT_LOC_STRINGS = NO;
				SWIFT_VERSION = 5.0;
				TARGETED_DEVICE_FAMILY = "1,2";
				TEST_HOST = "$(BUILT_PRODUCTS_DIR)/RBCImprovement.app/$(BUNDLE_EXECUTABLE_FOLDER_PATH)/RBCImprovement";
			};
			name = Release;
		};
		D420A6782F7F4EA300A004A0 /* Debug */ = {
			isa = XCBuildConfiguration;
			buildSettings = {
				CODE_SIGN_STYLE = Automatic;
				CURRENT_PROJECT_VERSION = 1;
				GENERATE_INFOPLIST_FILE = YES;
				MARKETING_VERSION = 1.0;
				PRODUCT_BUNDLE_IDENTIFIER = firstios.RBCImprovementUITests;
				PRODUCT_NAME = "$(TARGET_NAME)";
				SWIFT_EMIT_LOC_STRINGS = NO;
				SWIFT_VERSION = 5.0;
				TARGETED_DEVICE_FAMILY = "1,2";
				TEST_TARGET_NAME = RBCImprovement;
			};
			name = Debug;
		};
		D420A6792F7F4EA300A004A0 /* Release */ = {
			isa = XCBuildConfiguration;
			buildSettings = {
				CODE_SIGN_STYLE = Automatic;
				CURRENT_PROJECT_VERSION = 1;
				GENERATE_INFOPLIST_FILE = YES;
				MARKETING_VERSION = 1.0;
				PRODUCT_BUNDLE_IDENTIFIER = firstios.RBCImprovementUITests;
				PRODUCT_NAME = "$(TARGET_NAME)";
				SWIFT_EMIT_LOC_STRINGS = NO;
				SWIFT_VERSION = 5.0;
				TARGETED_DEVICE_FAMILY = "1,2";
				TEST_TARGET_NAME = RBCImprovement;
			};
			name = Release;
		};
/* End XCBuildConfiguration section */

/* Begin XCConfigurationList section */
		D420A6412F7F4EA100A004A0 /* Build configuration list for PBXProject "RBCImprovement" */ = {
			isa = XCConfigurationList;
			buildConfigurations = (
				D420A6722F7F4EA300A004A0 /* Debug */,
				D420A6732F7F4EA300A004A0 /* Release */,
			);
			defaultConfigurationIsVisible = 0;
			defaultConfigurationName = Release;
		};
		D420A66F2F7F4EA300A004A0 /* Build configuration list for PBXNativeTarget "RBCImprovement" */ = {
			isa = XCConfigurationList;
			buildConfigurations = (
				D420A6702F7F4EA300A004A0 /* Debug */,
				D420A6712F7F4EA300A004A0 /* Release */,
			);
			defaultConfigurationIsVisible = 0;
			defaultConfigurationName = Release;
		};
		D420A6742F7F4EA300A004A0 /* Build configuration list for PBXNativeTarget "RBCImprovementTests" */ = {
			isa = XCConfigurationList;
			buildConfigurations = (
				D420A6752F7F4EA300A004A0 /* Debug */,
				D420A6762F7F4EA300A004A0 /* Release */,
			);
			defaultConfigurationIsVisible = 0;
			defaultConfigurationName = Release;
		};
		D420A6772F7F4EA300A004A0 /* Build configuration list for PBXNativeTarget "RBCImprovementUITests" */ = {
			isa = XCConfigurationList;
			buildConfigurations = (
				D420A6782F7F4EA300A004A0 /* Debug */,
				D420A6792F7F4EA300A004A0 /* Release */,
			);
			defaultConfigurationIsVisible = 0;
			defaultConfigurationName = Release;
		};
/* End XCConfigurationList section */
	};
	rootObject = D420A63E2F7F4EA100A004A0 /* Project object */;
}
